
Microsoft Visual Studio Solution File, Format Version 12.00
# Visual Studio Version 16
VisualStudioVersion = 16.0.31624.102
MinimumVisualStudioVersion = 10.0.40219.1
Project("{FAE04EC0-301F-11D3-BF4B-00C04F79EFBC}") = "Singleton", "Singleton\Singleton.csproj", "{6A7F4E23-1D04-4AEB-BA63-E68E76B623A7}"
EndProject
Project("{FAE04EC0-301F-11D3-BF4B-00C04F79EFBC}") = "Singleton.Test", "Singleton.Test\Singleton.Test.csproj", "{F7372B87-0F57-4081-8557-94329408160C}"
EndProject
Global
	GlobalSection(SolutionConfigurationPlatforms) = preSolution
		Debug|Any CPU = Debug|Any CPU
		Release|Any CPU = Release|Any CPU
	EndGlobalSection
	GlobalSection(ProjectConfigurationPlatforms) = postSolution
		{6A7F4E23-1D04-4AEB-BA63-E68E76B623A7}.Debug|Any CPU.ActiveCfg = Debug|Any CPU
		{6A7F4E23-1D04-4AEB-BA63-E68E76B623A7}.Debug|Any CPU.Build.0 = Debug|Any CPU
		{6A7F4E23-1D04-4AEB-BA63-E68E76B623A7}.Release|Any CPU.ActiveCfg = Release|Any CPU
		{6A7F4E23-1D04-4AEB-BA63-E68E76B623A7}.Release|Any CPU.Build.0 = Release|Any CPU
		{F7372B87-0F57-4081-8557-94329408160C}.Debug|Any CPU.ActiveCfg = Debug|Any CPU
		{F7372B87-0F57-4081-8557-94329408160C}.Debug|Any CPU.Build.0 = Debug|Any CPU
		{F7372B87-0F57-4081-8557-94329408160C}.Release|Any CPU.ActiveCfg = Release|Any CPU
		{F7372B87-0F57-4081-8557-94329408160C}.Release|Any CPU.Build.0 = Release|Any CPU
	EndGlobalSection
	GlobalSection(SolutionProperties) = preSolution
		HideSolutionNode = FALSE
	EndGlobalSection
	GlobalSection(ExtensibilityGlobals) = postSolution
		SolutionGuid = {5672B9D2-1571-4ACE-9E83-10AE7078824B}
	EndGlobalSection
EndGlobal
